
Microsoft Visual Studio Solution File, Format Version 12.00
# Visual Studio Version 17
VisualStudioVersion = 17.5.33424.131
MinimumVisualStudioVersion = 10.0.40219.1
Project("{FAE04EC0-301F-11D3-BF4B-00C04F79EFBC}") = "Omashah Task One", "Omashah Task One.csproj", "{E3127F26-F533-4C38-ACF0-83D0042CDDE4}"
EndProject
Global
	GlobalSection(SolutionConfigurationPlatforms) = preSolution
		Debug|Any CPU = Debug|Any CPU
		Release|Any CPU = Release|Any CPU
	EndGlobalSection
	GlobalSection(ProjectConfigurationPlatforms) = postSolution
		{E3127F26-F533-4C38-ACF0-83D0042CDDE4}.Debug|Any CPU.ActiveCfg = Debug|Any CPU
		{E3127F26-F533-4C38-ACF0-83D0042CDDE4}.Debug|Any CPU.Build.0 = Debug|Any CPU
		{E3127F26-F533-4C38-ACF0-83D0042CDDE4}.Release|Any CPU.ActiveCfg = Release|Any CPU
		{E3127F26-F533-4C38-ACF0-83D0042CDDE4}.Release|Any CPU.Build.0 = Release|Any CPU
	EndGlobalSection
	GlobalSection(SolutionProperties) = preSolution
		HideSolutionNode = FALSE
	EndGlobalSection
	GlobalSection(ExtensibilityGlobals) = postSolution
		SolutionGuid = {A0385ACE-D0CE-4F61-B602-D20CE5DDCA32}
	EndGlobalSection
EndGlobal
